
Microsoft Visual Studio Solution File, Format Version 12.00
# Visual Studio Version 17
VisualStudioVersion = 17.14.36408.4
MinimumVisualStudioVersion = 10.0.40219.1
Project("{8BC9CEB8-8B4A-11D0-8D11-00A0C91BC942}") = "PhysicsEngine", "PhysicsEngine\PhysicsEngine.vcxproj", "{E239E2F0-F4CD-4628-BB18-7951F71219B4}"
EndProject
Project("{8BC9CEB8-8B4A-11D0-8D11-00A0C91BC942}") = "PhysicsEngineTests", "PhysicsEngineTests\PhysicsEngineTests.vcxproj", "{AFDABCAA-1556-4919-9FCD-7321C3FFB09D}"
EndProject
Project("{8BC9CEB8-8B4A-11D0-8D11-00A0C91BC942}") = "PhysicsEngineDemo", "PhysicsEngineDemo\PhysicsEngineDemo.vcxproj", "{DDDCC8CA-E135-46B2-87BF-A98B0988532C}"
EndProject
Project("{8BC9CEB8-8B4A-11D0-8D11-00A0C91BC942}") = "PhysicsEngineRenderer", "PhysicsEngineRenderer\PhysicsEngineRenderer.vcxproj", "{A75C7244-A6E7-468D-9F0A-A7EC24BED0DD}"
EndProject
Global
	GlobalSection(SolutionConfigurationPlatforms) = preSolution
		Debug|x64 = Debug|x64
		Debug|x86 = Debug|x86
		Release|x64 = Release|x64
		Release|x86 = Release|x86
	EndGlobalSection
	GlobalSection(ProjectConfigurationPlatforms) = postSolution
		{E239E2F0-F4CD-4628-BB18-7951F71219B4}.Debug|x64.ActiveCfg = Debug|x64
		{E239E2F0-F4CD-4628-BB18-7951F71219B4}.Debug|x64.Build.0 = Debug|x64
		{E239E2F0-F4CD-4628-BB18-7951F71219B4}.Debug|x86.ActiveCfg = Debug|Win32
		{E239E2F0-F4CD-4628-BB18-7951F71219B4}.Debug|x86.Build.0 = Debug|Win32
		{E239E2F0-F4CD-4628-BB18-7951F71219B4}.Release|x64.ActiveCfg = Release|x64
		{E239E2F0-F4CD-4628-BB18-7951F71219B4}.Release|x64.Build.0 = Release|x64
		{E239E2F0-F4CD-4628-BB18-7951F71219B4}.Release|x86.ActiveCfg = Release|Win32
		{E239E2F0-F4CD-4628-BB18-7951F71219B4}.Release|x86.Build.0 = Release|Win32
		{AFDABCAA-1556-4919-9FCD-7321C3FFB09D}.Debug|x64.ActiveCfg = Debug|x64
		{AFDABCAA-1556-4919-9FCD-7321C3FFB09D}.Debug|x64.Build.0 = Debug|x64
		{AFDABCAA-1556-4919-9FCD-7321C3FFB09D}.Debug|x86.ActiveCfg = Debug|Win32
		{AFDABCAA-1556-4919-9FCD-7321C3FFB09D}.Debug|x86.Build.0 = Debug|Win32
		{AFDABCAA-1556-4919-9FCD-7321C3FFB09D}.Release|x64.ActiveCfg = Release|x64
		{AFDABCAA-1556-4919-9FCD-7321C3FFB09D}.Release|x64.Build.0 = Release|x64
		{AFDABCAA-1556-4919-9FCD-7321C3FFB09D}.Release|x86.ActiveCfg = Release|Win32
		{AFDABCAA-1556-4919-9FCD-7321C3FFB09D}.Release|x86.Build.0 = Release|Win32
		{DDDCC8CA-E135-46B2-87BF-A98B0988532C}.Debug|x64.ActiveCfg = Debug|x64
		{DDDCC8CA-E135-46B2-87BF-A98B0988532C}.Debug|x64.Build.0 = Debug|x64
		{DDDCC8CA-E135-46B2-87BF-A98B0988532C}.Debug|x86.ActiveCfg = Debug|Win32
		{DDDCC8CA-E135-46B2-87BF-A98B0988532C}.Debug|x86.Build.0 = Debug|Win32
		{DDDCC8CA-E135-46B2-87BF-A98B0988532C}.Release|x64.ActiveCfg = Release|x64
		{DDDCC8CA-E135-46B2-87BF-A98B0988532C}.Release|x64.Build.0 = Release|x64
		{DDDCC8CA-E135-46B2-87BF-A98B0988532C}.Release|x86.ActiveCfg = Release|Win32
		{DDDCC8CA-E135-46B2-87BF-A98B0988532C}.Release|x86.Build.0 = Release|Win32
		{A75C7244-A6E7-468D-9F0A-A7EC24BED0DD}.Debug|x64.ActiveCfg = Debug|x64
		{A75C7244-A6E7-468D-9F0A-A7EC24BED0DD}.Debug|x64.Build.0 = Debug|x64
		{A75C7244-A6E7-468D-9F0A-A7EC24BED0DD}.Debug|x86.ActiveCfg = Debug|Win32
		{A75C7244-A6E7-468D-9F0A-A7EC24BED0DD}.Debug|x86.Build.0 = Debug|Win32
		{A75C7244-A6E7-468D-9F0A-A7EC24BED0DD}.Release|x64.ActiveCfg = Release|x64
		{A75C7244-A6E7-468D-9F0A-A7EC24BED0DD}.Release|x64.Build.0 = Release|x64
		{A75C7244-A6E7-468D-9F0A-A7EC24BED0DD}.Release|x86.ActiveCfg = Release|Win32
		{A75C7244-A6E7-468D-9F0A-A7EC24BED0DD}.Release|x86.Build.0 = Release|Win32
	EndGlobalSection
	GlobalSection(SolutionProperties) = preSolution
		HideSolutionNode = FALSE
	EndGlobalSection
	GlobalSection(ExtensibilityGlobals) = postSolution
		SolutionGuid = {49081D4B-9AA3-4B66-959E-A0EBD9CD383F}
	EndGlobalSection
EndGlobal
